
Microsoft Visual Studio Solution File, Format Version 12.00
# Visual Studio Version 16
VisualStudioVersion = 16.0.30104.148
MinimumVisualStudioVersion = 10.0.40219.1
Project("{9A19103F-16F7-4668-BE54-9A1E7A4F7556}") = "UserService", "UserService\UserService.csproj", "{8FD9C18B-31A6-4F21-97F3-74E6B8D1C9A6}"
EndProject
Project("{FAE04EC0-301F-11D3-BF4B-00C04F79EFBC}") = "ApiGateway", "ApiGateway\ApiGateway.csproj", "{1B9B50A7-21A2-4E09-937B-818389DBE2F8}"
EndProject
Global
	GlobalSection(SolutionConfigurationPlatforms) = preSolution
		Debug|Any CPU = Debug|Any CPU
		Release|Any CPU = Release|Any CPU
	EndGlobalSection
	GlobalSection(ProjectConfigurationPlatforms) = postSolution
		{8FD9C18B-31A6-4F21-97F3-74E6B8D1C9A6}.Debug|Any CPU.ActiveCfg = Debug|Any CPU
		{8FD9C18B-31A6-4F21-97F3-74E6B8D1C9A6}.Debug|Any CPU.Build.0 = Debug|Any CPU
		{8FD9C18B-31A6-4F21-97F3-74E6B8D1C9A6}.Release|Any CPU.ActiveCfg = Release|Any CPU
		{8FD9C18B-31A6-4F21-97F3-74E6B8D1C9A6}.Release|Any CPU.Build.0 = Release|Any CPU
		{1B9B50A7-21A2-4E09-937B-818389DBE2F8}.Debug|Any CPU.ActiveCfg = Debug|Any CPU
		{1B9B50A7-21A2-4E09-937B-818389DBE2F8}.Debug|Any CPU.Build.0 = Debug|Any CPU
		{1B9B50A7-21A2-4E09-937B-818389DBE2F8}.Release|Any CPU.ActiveCfg = Release|Any CPU
		{1B9B50A7-21A2-4E09-937B-818389DBE2F8}.Release|Any CPU.Build.0 = Release|Any CPU
	EndGlobalSection
	GlobalSection(SolutionProperties) = preSolution
		HideSolutionNode = FALSE
	EndGlobalSection
	GlobalSection(ExtensibilityGlobals) = postSolution
		SolutionGuid = {227442FC-019C-4E06-92AD-6000262015A8}
	EndGlobalSection
EndGlobal
